
Microsoft Visual Studio Solution File, Format Version 12.00
# Visual Studio Version 17
VisualStudioVersion = 17.2.32616.157
MinimumVisualStudioVersion = 10.0.40219.1
Project("{9A19103F-16F7-4668-BE54-9A1E7A4F7556}") = "Company.Framework.Core", "Company.Framework.Core\Company.Framework.Core.csproj", "{3EB587D8-CDFA-43CE-8E8E-818219A3748B}"
EndProject
Project("{9A19103F-16F7-4668-BE54-9A1E7A4F7556}") = "Company.Framework.Mediator", "Company.Framework.Mediator\Company.Framework.Mediator.csproj", "{C6599D2C-82C9-429D-A580-5B8EF8BE52B5}"
EndProject
Project("{9A19103F-16F7-4668-BE54-9A1E7A4F7556}") = "Company.Framework.Domain", "Company.Framework.Domain\Company.Framework.Domain.csproj", "{2C26815C-B27E-43C4-A5FB-101917155344}"
EndProject
Project("{9A19103F-16F7-4668-BE54-9A1E7A4F7556}") = "Company.Framework.Aspect", "Company.Framework.Aspect\Company.Framework.Aspect.csproj", "{7D29DCE1-6EBD-4E95-BAE5-20726B07579E}"
EndProject
Project("{9A19103F-16F7-4668-BE54-9A1E7A4F7556}") = "Company.Framework.ExampleApi", "Company.Framework.ExampleApi\Company.Framework.ExampleApi.csproj", "{BFC8D824-D77D-4C7B-9D4B-DB9640065690}"
EndProject
Project("{9A19103F-16F7-4668-BE54-9A1E7A4F7556}") = "Company.Framework.Correlation", "Company.Framework.Correlation\Company.Framework.Correlation.csproj", "{0FB80B42-770B-419E-8692-8E634BE33D47}"
EndProject
Project("{9A19103F-16F7-4668-BE54-9A1E7A4F7556}") = "Company.Framework.Messaging", "Company.Framework.Messaging\Company.Framework.Messaging.csproj", "{C5680938-8C97-4AAF-89DA-F5066C871768}"
EndProject
Project("{2150E333-8FDC-42A3-9474-1A3956D46DE8}") = "data", "data", "{FF8C176B-4630-4A2F-A905-BEA65A1C9770}"
EndProject
Project("{9A19103F-16F7-4668-BE54-9A1E7A4F7556}") = "Company.Framework.Data", "data\Company.Framework.Data\Company.Framework.Data.csproj", "{4A185F20-6A27-4FBE-B289-FFDC435EBD39}"
EndProject
Project("{9A19103F-16F7-4668-BE54-9A1E7A4F7556}") = "Company.Framework.Data.Mongo", "data\Company.Framework.Data.Mongo\Company.Framework.Data.Mongo.csproj", "{258BE3D1-C4B5-4872-AD1B-C7C34729DDF7}"
EndProject
Global
	GlobalSection(SolutionConfigurationPlatforms) = preSolution
		Debug|Any CPU = Debug|Any CPU
		Release|Any CPU = Release|Any CPU
	EndGlobalSection
	GlobalSection(ProjectConfigurationPlatforms) = postSolution
		{3EB587D8-CDFA-43CE-8E8E-818219A3748B}.Debug|Any CPU.ActiveCfg = Debug|Any CPU
		{3EB587D8-CDFA-43CE-8E8E-818219A3748B}.Debug|Any CPU.Build.0 = Debug|Any CPU
		{3EB587D8-CDFA-43CE-8E8E-818219A3748B}.Release|Any CPU.ActiveCfg = Release|Any CPU
		{3EB587D8-CDFA-43CE-8E8E-818219A3748B}.Release|Any CPU.Build.0 = Release|Any CPU
		{C6599D2C-82C9-429D-A580-5B8EF8BE52B5}.Debug|Any CPU.ActiveCfg = Debug|Any CPU
		{C6599D2C-82C9-429D-A580-5B8EF8BE52B5}.Debug|Any CPU.Build.0 = Debug|Any CPU
		{C6599D2C-82C9-429D-A580-5B8EF8BE52B5}.Release|Any CPU.ActiveCfg = Release|Any CPU
		{C6599D2C-82C9-429D-A580-5B8EF8BE52B5}.Release|Any CPU.Build.0 = Release|Any CPU
		{2C26815C-B27E-43C4-A5FB-101917155344}.Debug|Any CPU.ActiveCfg = Debug|Any CPU
		{2C26815C-B27E-43C4-A5FB-101917155344}.Debug|Any CPU.Build.0 = Debug|Any CPU
		{2C26815C-B27E-43C4-A5FB-101917155344}.Release|Any CPU.ActiveCfg = Release|Any CPU
		{2C26815C-B27E-43C4-A5FB-101917155344}.Release|Any CPU.Build.0 = Release|Any CPU
		{7D29DCE1-6EBD-4E95-BAE5-20726B07579E}.Debug|Any CPU.ActiveCfg = Debug|Any CPU
		{7D29DCE1-6EBD-4E95-BAE5-20726B07579E}.Debug|Any CPU.Build.0 = Debug|Any CPU
		{7D29DCE1-6EBD-4E95-BAE5-20726B07579E}.Release|Any CPU.ActiveCfg = Release|Any CPU
		{7D29DCE1-6EBD-4E95-BAE5-20726B07579E}.Release|Any CPU.Build.0 = Release|Any CPU
		{BFC8D824-D77D-4C7B-9D4B-DB9640065690}.Debug|Any CPU.ActiveCfg = Debug|Any CPU
		{BFC8D824-D77D-4C7B-9D4B-DB9640065690}.Debug|Any CPU.Build.0 = Debug|Any CPU
		{BFC8D824-D77D-4C7B-9D4B-DB9640065690}.Release|Any CPU.ActiveCfg = Release|Any CPU
		{BFC8D824-D77D-4C7B-9D4B-DB9640065690}.Release|Any CPU.Build.0 = Release|Any CPU
		{0FB80B42-770B-419E-8692-8E634BE33D47}.Debug|Any CPU.ActiveCfg = Debug|Any CPU
		{0FB80B42-770B-419E-8692-8E634BE33D47}.Debug|Any CPU.Build.0 = Debug|Any CPU
		{0FB80B42-770B-419E-8692-8E634BE33D47}.Release|Any CPU.ActiveCfg = Release|Any CPU
		{0FB80B42-770B-419E-8692-8E634BE33D47}.Release|Any CPU.Build.0 = Release|Any CPU
		{C5680938-8C97-4AAF-89DA-F5066C871768}.Debug|Any CPU.ActiveCfg = Debug|Any CPU
		{C5680938-8C97-4AAF-89DA-F5066C871768}.Debug|Any CPU.Build.0 = Debug|Any CPU
		{C5680938-8C97-4AAF-89DA-F5066C871768}.Release|Any CPU.ActiveCfg = Release|Any CPU
		{C5680938-8C97-4AAF-89DA-F5066C871768}.Release|Any CPU.Build.0 = Release|Any CPU
		{4A185F20-6A27-4FBE-B289-FFDC435EBD39}.Debug|Any CPU.ActiveCfg = Debug|Any CPU
		{4A185F20-6A27-4FBE-B289-FFDC435EBD39}.Debug|Any CPU.Build.0 = Debug|Any CPU
		{4A185F20-6A27-4FBE-B289-FFDC435EBD39}.Release|Any CPU.ActiveCfg = Release|Any CPU
		{4A185F20-6A27-4FBE-B289-FFDC435EBD39}.Release|Any CPU.Build.0 = Release|Any CPU
		{258BE3D1-C4B5-4872-AD1B-C7C34729DDF7}.Debug|Any CPU.ActiveCfg = Debug|Any CPU
		{258BE3D1-C4B5-4872-AD1B-C7C34729DDF7}.Debug|Any CPU.Build.0 = Debug|Any CPU
		{258BE3D1-C4B5-4872-AD1B-C7C34729DDF7}.Release|Any CPU.ActiveCfg = Release|Any CPU
		{258BE3D1-C4B5-4872-AD1B-C7C34729DDF7}.Release|Any CPU.Build.0 = Release|Any CPU
	EndGlobalSection
	GlobalSection(SolutionProperties) = preSolution
		HideSolutionNode = FALSE
	EndGlobalSection
	GlobalSection(NestedProjects) = preSolution
		{4A185F20-6A27-4FBE-B289-FFDC435EBD39} = {FF8C176B-4630-4A2F-A905-BEA65A1C9770}
		{258BE3D1-C4B5-4872-AD1B-C7C34729DDF7} = {FF8C176B-4630-4A2F-A905-BEA65A1C9770}
	EndGlobalSection
	GlobalSection(ExtensibilityGlobals) = postSolution
		SolutionGuid = {E9009E75-CA69-4693-89C5-FC676565D616}
	EndGlobalSection
EndGlobal
